
Microsoft Visual Studio Solution File, Format Version 12.00
# Visual Studio Version 17
VisualStudioVersion = 17.0.31912.275
MinimumVisualStudioVersion = 10.0.40219.1
Project("{FAE04EC0-301F-11D3-BF4B-00C04F79EFBC}") = "TourAps", "TourAps\TourAps.csproj", "{AFE7E3AB-4932-4125-A6B5-AE6001C0D25B}"
EndProject
Global
	GlobalSection(SolutionConfigurationPlatforms) = preSolution
		Debug|Any CPU = Debug|Any CPU
		Release|Any CPU = Release|Any CPU
	EndGlobalSection
	GlobalSection(ProjectConfigurationPlatforms) = postSolution
		{AFE7E3AB-4932-4125-A6B5-AE6001C0D25B}.Debug|Any CPU.ActiveCfg = Debug|Any CPU
		{AFE7E3AB-4932-4125-A6B5-AE6001C0D25B}.Debug|Any CPU.Build.0 = Debug|Any CPU
		{AFE7E3AB-4932-4125-A6B5-AE6001C0D25B}.Release|Any CPU.ActiveCfg = Release|Any CPU
		{AFE7E3AB-4932-4125-A6B5-AE6001C0D25B}.Release|Any CPU.Build.0 = Release|Any CPU
	EndGlobalSection
	GlobalSection(SolutionProperties) = preSolution
		HideSolutionNode = FALSE
	EndGlobalSection
	GlobalSection(ExtensibilityGlobals) = postSolution
		SolutionGuid = {FBF0CACD-ED51-4025-BF90-6A746FD2AA95}
	EndGlobalSection
EndGlobal
